
Microsoft Visual Studio Solution File, Format Version 12.00
# Visual Studio Version 17
VisualStudioVersion = 17.7.34009.444
MinimumVisualStudioVersion = 10.0.40219.1
Project("{FAE04EC0-301F-11D3-BF4B-00C04F79EFBC}") = "job candidates", "job candidates\job candidates.csproj", "{6E2A2C61-A404-482A-AA14-41455DDD5CFC}"
EndProject
Project("{FAE04EC0-301F-11D3-BF4B-00C04F79EFBC}") = "TestCandidate", "TestCandidate\TestCandidate.csproj", "{3F5B8E9B-AC15-48B7-BDB6-DE590B996660}"
EndProject
Global
	GlobalSection(SolutionConfigurationPlatforms) = preSolution
		Debug|Any CPU = Debug|Any CPU
		Release|Any CPU = Release|Any CPU
	EndGlobalSection
	GlobalSection(ProjectConfigurationPlatforms) = postSolution
		{6E2A2C61-A404-482A-AA14-41455DDD5CFC}.Debug|Any CPU.ActiveCfg = Debug|Any CPU
		{6E2A2C61-A404-482A-AA14-41455DDD5CFC}.Debug|Any CPU.Build.0 = Debug|Any CPU
		{6E2A2C61-A404-482A-AA14-41455DDD5CFC}.Release|Any CPU.ActiveCfg = Release|Any CPU
		{6E2A2C61-A404-482A-AA14-41455DDD5CFC}.Release|Any CPU.Build.0 = Release|Any CPU
		{3F5B8E9B-AC15-48B7-BDB6-DE590B996660}.Debug|Any CPU.ActiveCfg = Debug|Any CPU
		{3F5B8E9B-AC15-48B7-BDB6-DE590B996660}.Debug|Any CPU.Build.0 = Debug|Any CPU
		{3F5B8E9B-AC15-48B7-BDB6-DE590B996660}.Release|Any CPU.ActiveCfg = Release|Any CPU
		{3F5B8E9B-AC15-48B7-BDB6-DE590B996660}.Release|Any CPU.Build.0 = Release|Any CPU
	EndGlobalSection
	GlobalSection(SolutionProperties) = preSolution
		HideSolutionNode = FALSE
	EndGlobalSection
	GlobalSection(ExtensibilityGlobals) = postSolution
		SolutionGuid = {A62DA07C-4FF2-4F35-99C8-F89908E08C1F}
	EndGlobalSection
EndGlobal
